
Microsoft Visual Studio Solution File, Format Version 12.00
# Visual Studio 15
VisualStudioVersion = 15.0.28307.1267
MinimumVisualStudioVersion = 10.0.40219.1
Project("{FAE04EC0-301F-11D3-BF4B-00C04F79EFBC}") = "Employee_002", "Employee_002\Employee_002.csproj", "{DD1775EF-D1F9-431B-A027-48912C6BA63E}"
EndProject
Global
	GlobalSection(SolutionConfigurationPlatforms) = preSolution
		Debug|Any CPU = Debug|Any CPU
		Release|Any CPU = Release|Any CPU
	EndGlobalSection
	GlobalSection(ProjectConfigurationPlatforms) = postSolution
		{DD1775EF-D1F9-431B-A027-48912C6BA63E}.Debug|Any CPU.ActiveCfg = Debug|Any CPU
		{DD1775EF-D1F9-431B-A027-48912C6BA63E}.Debug|Any CPU.Build.0 = Debug|Any CPU
		{DD1775EF-D1F9-431B-A027-48912C6BA63E}.Release|Any CPU.ActiveCfg = Release|Any CPU
		{DD1775EF-D1F9-431B-A027-48912C6BA63E}.Release|Any CPU.Build.0 = Release|Any CPU
	EndGlobalSection
	GlobalSection(SolutionProperties) = preSolution
		HideSolutionNode = FALSE
	EndGlobalSection
	GlobalSection(ExtensibilityGlobals) = postSolution
		SolutionGuid = {9D95DB87-5918-4565-8DF6-7A5192437560}
	EndGlobalSection
EndGlobal
